Microsoft Visual Studio Solution File, Format Version 12.00
# Visual Studio Version 17
VisualStudioVersion = 17.0.31903.59
MinimumVisualStudioVersion = 10.0.40219.1
Project("{FAE04EC0-301F-11D3-BF4B-00C04F79EFBC}") = "GSIP.Web", "src\GSIP.Web\GSIP.Web.csproj", "{A06BD2C0-BB51-4B14-8D66-82627FE52051}"
EndProject
Project("{FAE04EC0-301F-11D3-BF4B-00C04F79EFBC}") = "GSIP.Application", "src\GSIP.Application\GSIP.Application.csproj", "{2A10D91E-AE3A-4AE2-9B30-98E4B8C30F01}"
EndProject
Project("{FAE04EC0-301F-11D3-BF4B-00C04F79EFBC}") = "GSIP.Domain", "src\GSIP.Domain\GSIP.Domain.csproj", "{82CC07FA-7F0C-4B48-81BB-A3EE27F9DDB2}"
EndProject
Project("{FAE04EC0-301F-11D3-BF4B-00C04F79EFBC}") = "GSIP.Infrastructure", "src\GSIP.Infrastructure\GSIP.Infrastructure.csproj", "{CEACB6DD-0D52-4BC1-8170-CA18493AB693}"
EndProject
Project("{FAE04EC0-301F-11D3-BF4B-00C04F79EFBC}") = "GSIP.Integrations", "src\GSIP.Integrations\GSIP.Integrations.csproj", "{B5D6EA1C-8F50-4A09-A34E-C98BD36C264E}"
EndProject
Project("{FAE04EC0-301F-11D3-BF4B-00C04F79EFBC}") = "GSIP.Contracts", "src\GSIP.Contracts\GSIP.Contracts.csproj", "{51CF3C33-1D54-46A7-B67F-4EC9B947C6C9}"
EndProject
Project("{FAE04EC0-301F-11D3-BF4B-00C04F79EFBC}") = "GSIP.BaselineChecks", "tests\GSIP.BaselineChecks\GSIP.BaselineChecks.csproj", "{6E64B610-32CD-4937-9665-4E6198B7AF90}"
EndProject
Project("{FAE04EC0-301F-11D3-BF4B-00C04F79EFBC}") = "GSIP.P01Checks", "tests\GSIP.P01Checks\GSIP.P01Checks.csproj", "{D35A7F8C-8CC0-4CB5-A8D6-D8FE046DC2E2}"
EndProject
Project("{FAE04EC0-301F-11D3-BF4B-00C04F79EFBC}") = "GSIP.P02Checks", "tests\GSIP.P02Checks\GSIP.P02Checks.csproj", "{6F2301C3-55B3-4E0A-A786-1BE1E9790202}"
EndProject
Project("{FAE04EC0-301F-11D3-BF4B-00C04F79EFBC}") = "GSIP.P03Checks", "tests\GSIP.P03Checks\GSIP.P03Checks.csproj", "{F4F40C23-DFE1-4A56-9C39-7A693960B13D}"
EndProject
Global
	GlobalSection(SolutionConfigurationPlatforms) = preSolution
		Debug|Any CPU = Debug|Any CPU
		Release|Any CPU = Release|Any CPU
	EndGlobalSection
	GlobalSection(ProjectConfigurationPlatforms) = postSolution
		{A06BD2C0-BB51-4B14-8D66-82627FE52051}.Debug|Any CPU.ActiveCfg = Debug|Any CPU
		{A06BD2C0-BB51-4B14-8D66-82627FE52051}.Debug|Any CPU.Build.0 = Debug|Any CPU
		{A06BD2C0-BB51-4B14-8D66-82627FE52051}.Release|Any CPU.ActiveCfg = Release|Any CPU
		{A06BD2C0-BB51-4B14-8D66-82627FE52051}.Release|Any CPU.Build.0 = Release|Any CPU
		{2A10D91E-AE3A-4AE2-9B30-98E4B8C30F01}.Debug|Any CPU.ActiveCfg = Debug|Any CPU
		{2A10D91E-AE3A-4AE2-9B30-98E4B8C30F01}.Debug|Any CPU.Build.0 = Debug|Any CPU
		{2A10D91E-AE3A-4AE2-9B30-98E4B8C30F01}.Release|Any CPU.ActiveCfg = Release|Any CPU
		{2A10D91E-AE3A-4AE2-9B30-98E4B8C30F01}.Release|Any CPU.Build.0 = Release|Any CPU
		{82CC07FA-7F0C-4B48-81BB-A3EE27F9DDB2}.Debug|Any CPU.ActiveCfg = Debug|Any CPU
		{82CC07FA-7F0C-4B48-81BB-A3EE27F9DDB2}.Debug|Any CPU.Build.0 = Debug|Any CPU
		{82CC07FA-7F0C-4B48-81BB-A3EE27F9DDB2}.Release|Any CPU.ActiveCfg = Release|Any CPU
		{82CC07FA-7F0C-4B48-81BB-A3EE27F9DDB2}.Release|Any CPU.Build.0 = Release|Any CPU
		{CEACB6DD-0D52-4BC1-8170-CA18493AB693}.Debug|Any CPU.ActiveCfg = Debug|Any CPU
		{CEACB6DD-0D52-4BC1-8170-CA18493AB693}.Debug|Any CPU.Build.0 = Debug|Any CPU
		{CEACB6DD-0D52-4BC1-8170-CA18493AB693}.Release|Any CPU.ActiveCfg = Release|Any CPU
		{CEACB6DD-0D52-4BC1-8170-CA18493AB693}.Release|Any CPU.Build.0 = Release|Any CPU
		{B5D6EA1C-8F50-4A09-A34E-C98BD36C264E}.Debug|Any CPU.ActiveCfg = Debug|Any CPU
		{B5D6EA1C-8F50-4A09-A34E-C98BD36C264E}.Debug|Any CPU.Build.0 = Debug|Any CPU
		{B5D6EA1C-8F50-4A09-A34E-C98BD36C264E}.Release|Any CPU.ActiveCfg = Release|Any CPU
		{B5D6EA1C-8F50-4A09-A34E-C98BD36C264E}.Release|Any CPU.Build.0 = Release|Any CPU
		{51CF3C33-1D54-46A7-B67F-4EC9B947C6C9}.Debug|Any CPU.ActiveCfg = Debug|Any CPU
		{51CF3C33-1D54-46A7-B67F-4EC9B947C6C9}.Debug|Any CPU.Build.0 = Debug|Any CPU
		{51CF3C33-1D54-46A7-B67F-4EC9B947C6C9}.Release|Any CPU.ActiveCfg = Release|Any CPU
		{51CF3C33-1D54-46A7-B67F-4EC9B947C6C9}.Release|Any CPU.Build.0 = Release|Any CPU
		{6E64B610-32CD-4937-9665-4E6198B7AF90}.Debug|Any CPU.ActiveCfg = Debug|Any CPU
		{6E64B610-32CD-4937-9665-4E6198B7AF90}.Debug|Any CPU.Build.0 = Debug|Any CPU
		{6E64B610-32CD-4937-9665-4E6198B7AF90}.Release|Any CPU.ActiveCfg = Release|Any CPU
		{6E64B610-32CD-4937-9665-4E6198B7AF90}.Release|Any CPU.Build.0 = Release|Any CPU
		{D35A7F8C-8CC0-4CB5-A8D6-D8FE046DC2E2}.Debug|Any CPU.ActiveCfg = Debug|Any CPU
		{D35A7F8C-8CC0-4CB5-A8D6-D8FE046DC2E2}.Debug|Any CPU.Build.0 = Debug|Any CPU
		{D35A7F8C-8CC0-4CB5-A8D6-D8FE046DC2E2}.Release|Any CPU.ActiveCfg = Release|Any CPU
		{D35A7F8C-8CC0-4CB5-A8D6-D8FE046DC2E2}.Release|Any CPU.Build.0 = Release|Any CPU
		{6F2301C3-55B3-4E0A-A786-1BE1E9790202}.Debug|Any CPU.ActiveCfg = Debug|Any CPU
		{6F2301C3-55B3-4E0A-A786-1BE1E9790202}.Debug|Any CPU.Build.0 = Debug|Any CPU
		{6F2301C3-55B3-4E0A-A786-1BE1E9790202}.Release|Any CPU.ActiveCfg = Release|Any CPU
		{6F2301C3-55B3-4E0A-A786-1BE1E9790202}.Release|Any CPU.Build.0 = Release|Any CPU
		{F4F40C23-DFE1-4A56-9C39-7A693960B13D}.Debug|Any CPU.ActiveCfg = Debug|Any CPU
		{F4F40C23-DFE1-4A56-9C39-7A693960B13D}.Debug|Any CPU.Build.0 = Debug|Any CPU
		{F4F40C23-DFE1-4A56-9C39-7A693960B13D}.Release|Any CPU.ActiveCfg = Release|Any CPU
		{F4F40C23-DFE1-4A56-9C39-7A693960B13D}.Release|Any CPU.Build.0 = Release|Any CPU
	EndGlobalSection
EndGlobal
